
Microsoft Visual Studio Solution File, Format Version 12.00
# Visual Studio Version 16
VisualStudioVersion = 16.0.31515.178
MinimumVisualStudioVersion = 10.0.40219.1
Project("{FAE04EC0-301F-11D3-BF4B-00C04F79EFBC}") = "RPP.Core", "RPP.Core\RPP.Core.csproj", "{5DFD6E51-7BE5-4287-957F-1028F1A6493E}"
EndProject
Project("{FAE04EC0-301F-11D3-BF4B-00C04F79EFBC}") = "RPP.Mongo", "RPP.Mongo\RPP.Mongo.csproj", "{F183CDE0-D012-4848-B041-C6F6AEEB3464}"
EndProject
Global
	GlobalSection(SolutionConfigurationPlatforms) = preSolution
		Debug|Any CPU = Debug|Any CPU
		Release|Any CPU = Release|Any CPU
	EndGlobalSection
	GlobalSection(ProjectConfigurationPlatforms) = postSolution
		{5DFD6E51-7BE5-4287-957F-1028F1A6493E}.Debug|Any CPU.ActiveCfg = Debug|Any CPU
		{5DFD6E51-7BE5-4287-957F-1028F1A6493E}.Debug|Any CPU.Build.0 = Debug|Any CPU
		{5DFD6E51-7BE5-4287-957F-1028F1A6493E}.Release|Any CPU.ActiveCfg = Release|Any CPU
		{5DFD6E51-7BE5-4287-957F-1028F1A6493E}.Release|Any CPU.Build.0 = Release|Any CPU
		{F183CDE0-D012-4848-B041-C6F6AEEB3464}.Debug|Any CPU.ActiveCfg = Debug|Any CPU
		{F183CDE0-D012-4848-B041-C6F6AEEB3464}.Debug|Any CPU.Build.0 = Debug|Any CPU
		{F183CDE0-D012-4848-B041-C6F6AEEB3464}.Release|Any CPU.ActiveCfg = Release|Any CPU
		{F183CDE0-D012-4848-B041-C6F6AEEB3464}.Release|Any CPU.Build.0 = Release|Any CPU
	EndGlobalSection
	GlobalSection(SolutionProperties) = preSolution
		HideSolutionNode = FALSE
	EndGlobalSection
	GlobalSection(ExtensibilityGlobals) = postSolution
		SolutionGuid = {5E90330F-E8AC-4EB3-B252-795D89B606D8}
	EndGlobalSection
EndGlobal
